// !$*UTF8*$!
{
	archiveVersion = 1;
	classes = {
	};
	objectVersion = 56;
	objects = {

/* Begin PBXBuildFile section */
		839F4E792A0B832800C607F6 /* GameView.swift in Sources */ = {isa = PBXBuildFile; fileRef = 839F4E782A0B832800C607F6 /* GameView.swift */; };
		839F4E7B2A0B847100C607F6 /* MainView.swift in Sources */ = {isa = PBXBuildFile; fileRef = 839F4E7A2A0B847100C607F6 /* MainView.swift */; };
		839F4E7D2A0B891400C607F6 /* MusicView.swift in Sources */ = {isa = PBXBuildFile; fileRef = 839F4E7C2A0B891400C607F6 /* MusicView.swift */; };
		839F4E7F2A0BC03D00C607F6 /* Media.xcassets in Resources */ = {isa = PBXBuildFile; fileRef = 839F4E7E2A0BC03D00C607F6 /* Media.xcassets */; };
		EE2ADCBF29F9125100733B86 /* MusicKitManager.swift in Sources */ = {isa = PBXBuildFile; fileRef = EE2ADCBE29F9125100733B86 /* MusicKitManager.swift */; };
		EE3D94A129EFD68000DB3F3A /* RainRadarApp.swift in Sources */ = {isa = PBXBuildFile; fileRef = EE3D94A029EFD68000DB3F3A /* RainRadarApp.swift */; };
		EE3D94A329EFD68000DB3F3A /* ContentView.swift in Sources */ = {isa = PBXBuildFile; fileRef = EE3D94A229EFD68000DB3F3A /* ContentView.swift */; };
		EE3D94A529EFD68100DB3F3A /* Assets.xcassets in Resources */ = {isa = PBXBuildFile; fileRef = EE3D94A429EFD68100DB3F3A /* Assets.xcassets */; };
		EE3D94A829EFD68100DB3F3A /* Preview Assets.xcassets in Resources */ = {isa = PBXBuildFile; fileRef = EE3D94A729EFD68100DB3F3A /* Preview Assets.xcassets */; };
		EE3D94B229EFD68100DB3F3A /* RainRadarTests.swift in Sources */ = {isa = PBXBuildFile; fileRef = EE3D94B129EFD68100DB3F3A /* RainRadarTests.swift */; };
		EE3D94BC29EFD68100DB3F3A /* RainRadarUITests.swift in Sources */ = {isa = PBXBuildFile; fileRef = EE3D94BB29EFD68100DB3F3A /* RainRadarUITests.swift */; };
		EE3D94BE29EFD68100DB3F3A /* RainRadarUITestsLaunchTests.swift in Sources */ = {isa = PBXBuildFile; fileRef = EE3D94BD29EFD68100DB3F3A /* RainRadarUITestsLaunchTests.swift */; };
		EEE6449D29EFF6E100546CC4 /* WeatherKitManager.swift in Sources */ = {isa = PBXBuildFile; fileRef = EEE6449C29EFF6E100546CC4 /* WeatherKitManager.swift */; };
		EEE6449F29F01BC900546CC4 /* LocationDataManager.swift in Sources */ = {isa = PBXBuildFile; fileRef = EEE6449E29F01BC900546CC4 /* LocationDataManager.swift */; };
/* End PBXBuildFile section */

/* Begin PBXContainerItemProxy section */
		EE3D94AE29EFD68100DB3F3A /* PBXContainerItemProxy */ = {
			isa = PBXContainerItemProxy;
			containerPortal = EE3D949529EFD68000DB3F3A /* Project object */;
			proxyType = 1;
			remoteGlobalIDString = EE3D949C29EFD68000DB3F3A;
			remoteInfo = RainRadar;
		};
		EE3D94B829EFD68100DB3F3A /* PBXContainerItemProxy */ = {
			isa = PBXContainerItemProxy;
			containerPortal = EE3D949529EFD68000DB3F3A /* Project object */;
			proxyType = 1;
			remoteGlobalIDString = EE3D949C29EFD68000DB3F3A;
			remoteInfo = RainRadar;
		};
/* End PBXContainerItemProxy section */

/* Begin PBXFileReference section */
		839F4E782A0B832800C607F6 /* GameView.swift */ = {isa = PBXFileReference; lastKnownFileType = sourcecode.swift; path = GameView.swift; sourceTree = "<group>"; };
		839F4E7A2A0B847100C607F6 /* MainView.swift */ = {isa = PBXFileReference; lastKnownFileType = sourcecode.swift; path = MainView.swift; sourceTree = "<group>"; };
		839F4E7C2A0B891400C607F6 /* MusicView.swift */ = {isa = PBXFileReference; lastKnownFileType = sourcecode.swift; path = MusicView.swift; sourceTree = "<group>"; };
		839F4E7E2A0BC03D00C607F6 /* Media.xcassets */ = {isa = PBXFileReference; lastKnownFileType = folder.assetcatalog; path = Media.xcassets; sourceTree = "<group>"; };
		EE2ADCBE29F9125100733B86 /* MusicKitManager.swift */ = {isa = PBXFileReference; lastKnownFileType = sourcecode.swift; path = MusicKitManager.swift; sourceTree = "<group>"; };
		EE3D949D29EFD68000DB3F3A /* RainRadar.app */ = {isa = PBXFileReference; explicitFileType = wrapper.application; includeInIndex = 0; path = RainRadar.app; sourceTree = BUILT_PRODUCTS_DIR; };
		EE3D94A029EFD68000DB3F3A /* RainRadarApp.swift */ = {isa = PBXFileReference; lastKnownFileType = sourcecode.swift; path = RainRadarApp.swift; sourceTree = "<group>"; };
		EE3D94A229EFD68000DB3F3A /* ContentView.swift */ = {isa = PBXFileReference; lastKnownFileType = sourcecode.swift; path = ContentView.swift; sourceTree = "<group>"; };
		EE3D94A429EFD68100DB3F3A /* Assets.xcassets */ = {isa = PBXFileReference; lastKnownFileType = folder.assetcatalog; path = Assets.xcassets; sourceTree = "<group>"; };
		EE3D94A729EFD68100DB3F3A /* Preview Assets.xcassets */ = {isa = PBXFileReference; lastKnownFileType = folder.assetcatalog; path = "Preview Assets.xcassets"; sourceTree = "<group>"; };
		EE3D94AD29EFD68100DB3F3A /* RainRadarTests.xctest */ = {isa = PBXFileReference; explicitFileType = wrapper.cfbundle; includeInIndex = 0; path = RainRadarTests.xctest; sourceTree = BUILT_PRODUCTS_DIR; };
		EE3D94B129EFD68100DB3F3A /* RainRadarTests.swift */ = {isa = PBXFileReference; lastKnownFileType = sourcecode.swift; path = RainRadarTests.swift; sourceTree = "<group>"; };
		EE3D94B729EFD68100DB3F3A /* RainRadarUITests.xctest */ = {isa = PBXFileReference; explicitFileType = wrapper.cfbundle; includeInIndex = 0; path = RainRadarUITests.xctest; sourceTree = BUILT_PRODUCTS_DIR; };
		EE3D94BB29EFD68100DB3F3A /* RainRadarUITests.swift */ = {isa = PBXFileReference; lastKnownFileType = sourcecode.swift; path = RainRadarUITests.swift; sourceTree = "<group>"; };
		EE3D94BD29EFD68100DB3F3A /* RainRadarUITestsLaunchTests.swift */ = {isa = PBXFileReference; lastKnownFileType = sourcecode.swift; path = RainRadarUITestsLaunchTests.swift; sourceTree = "<group>"; };
		EE3D94CA29EFD9B900DB3F3A /* RainRadar.entitlements */ = {isa = PBXFileReference; lastKnownFileType = text.plist.entitlements; path = RainRadar.entitlements; sourceTree = "<group>"; };
		EEE6449C29EFF6E100546CC4 /* WeatherKitManager.swift */ = {isa = PBXFileReference; lastKnownFileType = sourcecode.swift; path = WeatherKitManager.swift; sourceTree = "<group>"; };
		EEE6449E29F01BC900546CC4 /* LocationDataManager.swift */ = {isa = PBXFileReference; lastKnownFileType = sourcecode.swift; path = LocationDataManager.swift; sourceTree = "<group>"; };
/* End PBXFileReference section */

/* Begin PBXFrameworksBuildPhase section */
		EE3D949A29EFD68000DB3F3A /* Frameworks */ = {
			isa = PBXFrameworksBuildPhase;
			buildActionMask = 2147483647;
			files = (
			);
			runOnlyForDeploymentPostprocessing = 0;
		};
		EE3D94AA29EFD68100DB3F3A /* Frameworks */ = {
			isa = PBXFrameworksBuildPhase;
			buildActionMask = 2147483647;
			files = (
			);
			runOnlyForDeploymentPostprocessing = 0;
		};
		EE3D94B429EFD68100DB3F3A /* Frameworks */ = {
			isa = PBXFrameworksBuildPhase;
			buildActionMask = 2147483647;
			files = (
			);
			runOnlyForDeploymentPostprocessing = 0;
		};
/* End PBXFrameworksBuildPhase section */

/* Begin PBXGroup section */
		EE080AAC29F164BA0094F701 /* WeatherManager */ = {
			isa = PBXGroup;
			children = (
				EEE6449E29F01BC900546CC4 /* LocationDataManager.swift */,
				EEE6449C29EFF6E100546CC4 /* WeatherKitManager.swift */,
			);
			path = WeatherManager;
			sourceTree = "<group>";
		};
		EE2ADCBD29F9123100733B86 /* MusicManager */ = {
			isa = PBXGroup;
			children = (
				EE2ADCBE29F9125100733B86 /* MusicKitManager.swift */,
			);
			path = MusicManager;
			sourceTree = "<group>";
		};
		EE3D949429EFD68000DB3F3A = {
			isa = PBXGroup;
			children = (
				EE3D949F29EFD68000DB3F3A /* RainRadar */,
				EE3D94B029EFD68100DB3F3A /* RainRadarTests */,
				EE3D94BA29EFD68100DB3F3A /* RainRadarUITests */,
				EE3D949E29EFD68000DB3F3A /* Products */,
			);
			sourceTree = "<group>";
		};
		EE3D949E29EFD68000DB3F3A /* Products */ = {
			isa = PBXGroup;
			children = (
				EE3D949D29EFD68000DB3F3A /* RainRadar.app */,
				EE3D94AD29EFD68100DB3F3A /* RainRadarTests.xctest */,
				EE3D94B729EFD68100DB3F3A /* RainRadarUITests.xctest */,
			);
			name = Products;
			sourceTree = "<group>";
		};
		EE3D949F29EFD68000DB3F3A /* RainRadar */ = {
			isa = PBXGroup;
			children = (
				EE2ADCBD29F9123100733B86 /* MusicManager */,
				EE080AAC29F164BA0094F701 /* WeatherManager */,
				EE3D94CA29EFD9B900DB3F3A /* RainRadar.entitlements */,
				EE3D94A029EFD68000DB3F3A /* RainRadarApp.swift */,
				EE3D94A229EFD68000DB3F3A /* ContentView.swift */,
				839F4E7E2A0BC03D00C607F6 /* Media.xcassets */,
				EE3D94A429EFD68100DB3F3A /* Assets.xcassets */,
				EE3D94A629EFD68100DB3F3A /* Preview Content */,
				839F4E782A0B832800C607F6 /* GameView.swift */,
				839F4E7A2A0B847100C607F6 /* MainView.swift */,
				839F4E7C2A0B891400C607F6 /* MusicView.swift */,
			);
			path = RainRadar;
			sourceTree = "<group>";
		};
		EE3D94A629EFD68100DB3F3A /* Preview Content */ = {
			isa = PBXGroup;
			children = (
				EE3D94A729EFD68100DB3F3A /* Preview Assets.xcassets */,
			);
			path = "Preview Content";
			sourceTree = "<group>";
		};
		EE3D94B029EFD68100DB3F3A /* RainRadarTests */ = {
			isa = PBXGroup;
			children = (
				EE3D94B129EFD68100DB3F3A /* RainRadarTests.swift */,
			);
			path = RainRadarTests;
			sourceTree = "<group>";
		};
		EE3D94BA29EFD68100DB3F3A /* RainRadarUITests */ = {
			isa = PBXGroup;
			children = (
				EE3D94BB29EFD68100DB3F3A /* RainRadarUITests.swift */,
				EE3D94BD29EFD68100DB3F3A /* RainRadarUITestsLaunchTests.swift */,
			);
			path = RainRadarUITests;
			sourceTree = "<group>";
		};
/* End PBXGroup section */

/* Begin PBXNativeTarget section */
		EE3D949C29EFD68000DB3F3A /* RainRadar */ = {
			isa = PBXNativeTarget;
			buildConfigurationList = EE3D94C129EFD68100DB3F3A /* Build configuration list for PBXNativeTarget "RainRadar" */;
			buildPhases = (
				EE3D949929EFD68000DB3F3A /* Sources */,
				EE3D949A29EFD68000DB3F3A /* Frameworks */,
				EE3D949B29EFD68000DB3F3A /* Resources */,
			);
			buildRules = (
			);
			dependencies = (
			);
			name = RainRadar;
			productName = RainRadar;
			productReference = EE3D949D29EFD68000DB3F3A /* RainRadar.app */;
			productType = "com.apple.product-type.application";
		};
		EE3D94AC29EFD68100DB3F3A /* RainRadarTests */ = {
			isa = PBXNativeTarget;
			buildConfigurationList = EE3D94C429EFD68100DB3F3A /* Build configuration list for PBXNativeTarget "RainRadarTests" */;
			buildPhases = (
				EE3D94A929EFD68100DB3F3A /* Sources */,
				EE3D94AA29EFD68100DB3F3A /* Frameworks */,
				EE3D94AB29EFD68100DB3F3A /* Resources */,
			);
			buildRules = (
			);
			dependencies = (
				EE3D94AF29EFD68100DB3F3A /* PBXTargetDependency */,
			);
			name = RainRadarTests;
			productName = RainRadarTests;
			productReference = EE3D94AD29EFD68100DB3F3A /* RainRadarTests.xctest */;
			productType = "com.apple.product-type.bundle.unit-test";
		};
		EE3D94B629EFD68100DB3F3A /* RainRadarUITests */ = {
			isa = PBXNativeTarget;
			buildConfigurationList = EE3D94C729EFD68100DB3F3A /* Build configuration list for PBXNativeTarget "RainRadarUITests" */;
			buildPhases = (
				EE3D94B329EFD68100DB3F3A /* Sources */,
				EE3D94B429EFD68100DB3F3A /* Frameworks */,
				EE3D94B529EFD68100DB3F3A /* Resources */,
			);
			buildRules = (
			);
			dependencies = (
				EE3D94B929EFD68100DB3F3A /* PBXTargetDependency */,
			);
			name = RainRadarUITests;
			productName = RainRadarUITests;
			productReference = EE3D94B729EFD68100DB3F3A /* RainRadarUITests.xctest */;
			productType = "com.apple.product-type.bundle.ui-testing";
		};
/* End PBXNativeTarget section */

/* Begin PBXProject section */
		EE3D949529EFD68000DB3F3A /* Project object */ = {
			isa = PBXProject;
			attributes = {
				BuildIndependentTargetsInParallel = 1;
				LastSwiftUpdateCheck = 1430;
				LastUpgradeCheck = 1430;
				TargetAttributes = {
					EE3D949C29EFD68000DB3F3A = {
						CreatedOnToolsVersion = 14.3;
					};
					EE3D94AC29EFD68100DB3F3A = {
						CreatedOnToolsVersion = 14.3;
						TestTargetID = EE3D949C29EFD68000DB3F3A;
					};
					EE3D94B629EFD68100DB3F3A = {
						CreatedOnToolsVersion = 14.3;
						TestTargetID = EE3D949C29EFD68000DB3F3A;
					};
				};
			};
			buildConfigurationList = EE3D949829EFD68000DB3F3A /* Build configuration list for PBXProject "RainRadar" */;
			compatibilityVersion = "Xcode 14.0";
			developmentRegion = en;
			hasScannedForEncodings = 0;
			knownRegions = (
				en,
				Base,
			);
			mainGroup = EE3D949429EFD68000DB3F3A;
			productRefGroup = EE3D949E29EFD68000DB3F3A /* Products */;
			projectDirPath = "";
			projectRoot = "";
			targets = (
				EE3D949C29EFD68000DB3F3A /* RainRadar */,
				EE3D94AC29EFD68100DB3F3A /* RainRadarTests */,
				EE3D94B629EFD68100DB3F3A /* RainRadarUITests */,
			);
		};
/* End PBXProject section */

/* Begin PBXResourcesBuildPhase section */
		EE3D949B29EFD68000DB3F3A /* Resources */ = {
			isa = PBXResourcesBuildPhase;
			buildActionMask = 2147483647;
			files = (
				EE3D94A829EFD68100DB3F3A /* Preview Assets.xcassets in Resources */,
				839F4E7F2A0BC03D00C607F6 /* Media.xcassets in Resources */,
				EE3D94A529EFD68100DB3F3A /* Assets.xcassets in Resources */,
			);
			runOnlyForDeploymentPostprocessing = 0;
		};
		EE3D94AB29EFD68100DB3F3A /* Resources */ = {
			isa = PBXResourcesBuildPhase;
			buildActionMask = 2147483647;
			files = (
			);
			runOnlyForDeploymentPostprocessing = 0;
		};
		EE3D94B529EFD68100DB3F3A /* Resources */ = {
			isa = PBXResourcesBuildPhase;
			buildActionMask = 2147483647;
			files = (
			);
			runOnlyForDeploymentPostprocessing = 0;
		};
/* End PBXResourcesBuildPhase section */

/* Begin PBXSourcesBuildPhase section */
		EE3D949929EFD68000DB3F3A /* Sources */ = {
			isa = PBXSourcesBuildPhase;
			buildActionMask = 2147483647;
			files = (
				EE2ADCBF29F9125100733B86 /* MusicKitManager.swift in Sources */,
				839F4E7B2A0B847100C607F6 /* MainView.swift in Sources */,
				EE3D94A329EFD68000DB3F3A /* ContentView.swift in Sources */,
				EE3D94A129EFD68000DB3F3A /* RainRadarApp.swift in Sources */,
				EEE6449F29F01BC900546CC4 /* LocationDataManager.swift in Sources */,
				839F4E792A0B832800C607F6 /* GameView.swift in Sources */,
				839F4E7D2A0B891400C607F6 /* MusicView.swift in Sources */,
				EEE6449D29EFF6E100546CC4 /* WeatherKitManager.swift in Sources */,
			);
			runOnlyForDeploymentPostprocessing = 0;
		};
		EE3D94A929EFD68100DB3F3A /* Sources */ = {
			isa = PBXSourcesBuildPhase;
			buildActionMask = 2147483647;
			files = (
				EE3D94B229EFD68100DB3F3A /* RainRadarTests.swift in Sources */,
			);
			runOnlyForDeploymentPostprocessing = 0;
		};
		EE3D94B329EFD68100DB3F3A /* Sources */ = {
			isa = PBXSourcesBuildPhase;
			buildActionMask = 2147483647;
			files = (
				EE3D94BC29EFD68100DB3F3A /* RainRadarUITests.swift in Sources */,
				EE3D94BE29EFD68100DB3F3A /* RainRadarUITestsLaunchTests.swift in Sources */,
			);
			runOnlyForDeploymentPostprocessing = 0;
		};
/* End PBXSourcesBuildPhase section */

/* Begin PBXTargetDependency section */
		EE3D94AF29EFD68100DB3F3A /* PBXTargetDependency */ = {
			isa = PBXTargetDependency;
			target = EE3D949C29EFD68000DB3F3A /* RainRadar */;
			targetProxy = EE3D94AE29EFD68100DB3F3A /* PBXContainerItemProxy */;
		};
		EE3D94B929EFD68100DB3F3A /* PBXTargetDependency */ = {
			isa = PBXTargetDependency;
			target = EE3D949C29EFD68000DB3F3A /* RainRadar */;
			targetProxy = EE3D94B829EFD68100DB3F3A /* PBXContainerItemProxy */;
		};
/* End PBXTargetDependency section */

/* Begin XCBuildConfiguration section */
		EE3D94BF29EFD68100DB3F3A /* Debug */ = {
			isa = XCBuildConfiguration;
			buildSettings = {
				ALWAYS_SEARCH_USER_PATHS = NO;
				CLANG_ANALYZER_NONNULL = YES;
				CLANG_ANALYZER_NUMBER_OBJECT_CONVERSION = YES_AGGRESSIVE;
				CLANG_CXX_LANGUAGE_STANDARD = "gnu++20";
				CLANG_ENABLE_MODULES = YES;
				CLANG_ENABLE_OBJC_ARC = YES;
				CLANG_ENABLE_OBJC_WEAK = YES;
				CLANG_WARN_BLOCK_CAPTURE_AUTORELEASING = YES;
				CLANG_WARN_BOOL_CONVERSION = YES;
				CLANG_WARN_COMMA = YES;
				CLANG_WARN_CONSTANT_CONVERSION = YES;
				CLANG_WARN_DEPRECATED_OBJC_IMPLEMENTATIONS = YES;
				CLANG_WARN_DIRECT_OBJC_ISA_USAGE = YES_ERROR;
				CLANG_WARN_DOCUMENTATION_COMMENTS = YES;
				CLANG_WARN_EMPTY_BODY = YES;
				CLANG_WARN_ENUM_CONVERSION = YES;
				CLANG_WARN_INFINITE_RECURSION = YES;
				CLANG_WARN_INT_CONVERSION = YES;
				CLANG_WARN_NON_LITERAL_NULL_CONVERSION = YES;
				CLANG_WARN_OBJC_IMPLICIT_RETAIN_SELF = YES;
				CLANG_WARN_OBJC_LITERAL_CONVERSION = YES;
				CLANG_WARN_OBJC_ROOT_CLASS = YES_ERROR;
				CLANG_WARN_QUOTED_INCLUDE_IN_FRAMEWORK_HEADER = YES;
				CLANG_WARN_RANGE_LOOP_ANALYSIS = YES;
				CLANG_WARN_STRICT_PROTOTYPES = YES;
				CLANG_WARN_SUSPICIOUS_MOVE = YES;
				CLANG_WARN_UNGUARDED_AVAILABILITY = YES_AGGRESSIVE;
				CLANG_WARN_UNREACHABLE_CODE = YES;
				CLANG_WARN__DUPLICATE_METHOD_MATCH = YES;
				COPY_PHASE_STRIP = NO;
				DEBUG_INFORMATION_FORMAT = dwarf;
				ENABLE_STRICT_OBJC_MSGSEND = YES;
				ENABLE_TESTABILITY = YES;
				GCC_C_LANGUAGE_STANDARD = gnu11;
				GCC_DYNAMIC_NO_PIC = NO;
				GCC_NO_COMMON_BLOCKS = YES;
				GCC_OPTIMIZATION_LEVEL = 0;
				GCC_PREPROCESSOR_DEFINITIONS = (
					"DEBUG=1",
					"$(inherited)",
				);
				GCC_WARN_64_TO_32_BIT_CONVERSION = YES;
				GCC_WARN_ABOUT_RETURN_TYPE = YES_ERROR;
				GCC_WARN_UNDECLARED_SELECTOR = YES;
				GCC_WARN_UNINITIALIZED_AUTOS = YES_AGGRESSIVE;
				GCC_WARN_UNUSED_FUNCTION = YES;
				GCC_WARN_UNUSED_VARIABLE = YES;
				IPHONEOS_DEPLOYMENT_TARGET = 16.4;
				MTL_ENABLE_DEBUG_INFO = INCLUDE_SOURCE;
				MTL_FAST_MATH = YES;
				ONLY_ACTIVE_ARCH = YES;
				SDKROOT = iphoneos;
				SWIFT_ACTIVE_COMPILATION_CONDITIONS = DEBUG;
				SWIFT_OPTIMIZATION_LEVEL = "-Onone";
			};
			name = Debug;
		};
		EE3D94C029EFD68100DB3F3A /* Release */ = {
			isa = XCBuildConfiguration;
			buildSettings = {
				ALWAYS_SEARCH_USER_PATHS = NO;
				CLANG_ANALYZER_NONNULL = YES;
				CLANG_ANALYZER_NUMBER_OBJECT_CONVERSION = YES_AGGRESSIVE;
				CLANG_CXX_LANGUAGE_STANDARD = "gnu++20";
				CLANG_ENABLE_MODULES = YES;
				CLANG_ENABLE_OBJC_ARC = YES;
				CLANG_ENABLE_OBJC_WEAK = YES;
				CLANG_WARN_BLOCK_CAPTURE_AUTORELEASING = YES;
				CLANG_WARN_BOOL_CONVERSION = YES;
				CLANG_WARN_COMMA = YES;
				CLANG_WARN_CONSTANT_CONVERSION = YES;
				CLANG_WARN_DEPRECATED_OBJC_IMPLEMENTATIONS = YES;
				CLANG_WARN_DIRECT_OBJC_ISA_USAGE = YES_ERROR;
				CLANG_WARN_DOCUMENTATION_COMMENTS = YES;
				CLANG_WARN_EMPTY_BODY = YES;
				CLANG_WARN_ENUM_CONVERSION = YES;
				CLANG_WARN_INFINITE_RECURSION = YES;
				CLANG_WARN_INT_CONVERSION = YES;
				CLANG_WARN_NON_LITERAL_NULL_CONVERSION = YES;
				CLANG_WARN_OBJC_IMPLICIT_RETAIN_SELF = YES;
				CLANG_WARN_OBJC_LITERAL_CONVERSION = YES;
				CLANG_WARN_OBJC_ROOT_CLASS = YES_ERROR;
				CLANG_WARN_QUOTED_INCLUDE_IN_FRAMEWORK_HEADER = YES;
				CLANG_WARN_RANGE_LOOP_ANALYSIS = YES;
				CLANG_WARN_STRICT_PROTOTYPES = YES;
				CLANG_WARN_SUSPICIOUS_MOVE = YES;
				CLANG_WARN_UNGUARDED_AVAILABILITY = YES_AGGRESSIVE;
				CLANG_WARN_UNREACHABLE_CODE = YES;
				CLANG_WARN__DUPLICATE_METHOD_MATCH = YES;
				COPY_PHASE_STRIP = NO;
				DEBUG_INFORMATION_FORMAT = "dwarf-with-dsym";
				ENABLE_NS_ASSERTIONS = NO;
				ENABLE_STRICT_OBJC_MSGSEND = YES;
				GCC_C_LANGUAGE_STANDARD = gnu11;
				GCC_NO_COMMON_BLOCKS = YES;
				GCC_WARN_64_TO_32_BIT_CONVERSION = YES;
				GCC_WARN_ABOUT_RETURN_TYPE = YES_ERROR;
				GCC_WARN_UNDECLARED_SELECTOR = YES;
				GCC_WARN_UNINITIALIZED_AUTOS = YES_AGGRESSIVE;
				GCC_WARN_UNUSED_FUNCTION = YES;
				GCC_WARN_UNUSED_VARIABLE = YES;
				IPHONEOS_DEPLOYMENT_TARGET = 16.4;
				MTL_ENABLE_DEBUG_INFO = NO;
				MTL_FAST_MATH = YES;
				SDKROOT = iphoneos;
				SWIFT_COMPILATION_MODE = wholemodule;
				SWIFT_OPTIMIZATION_LEVEL = "-O";
				VALIDATE_PRODUCT = YES;
			};
			name = Release;
		};
		EE3D94C229EFD68100DB3F3A /* Debug */ = {
			isa = XCBuildConfiguration;
			buildSettings = {
				ASSETCATALOG_COMPILER_APPICON_NAME = AppIcon;
				ASSETCATALOG_COMPILER_GLOBAL_ACCENT_COLOR_NAME = AccentColor;
				CODE_SIGN_ENTITLEMENTS = RainRadar/RainRadar.entitlements;
				CODE_SIGN_IDENTITY = "Apple Development";
				CODE_SIGN_STYLE = Automatic;
				CURRENT_PROJECT_VERSION = 1;
				DEVELOPMENT_ASSET_PATHS = "\"RainRadar/Preview Content\"";
				DEVELOPMENT_TEAM = R9XJ622U85;
				ENABLE_PREVIEWS = YES;
				GENERATE_INFOPLIST_FILE = YES;
				INFOPLIST_KEY_NSAppleMusicUsageDescription = "Please allow acces to continue";
				INFOPLIST_KEY_NSLocationWhenInUseUsageDescription = "App needs to acces your location data to tell you the weather at your location";
				INFOPLIST_KEY_UIApplicationSceneManifest_Generation = YES;
				INFOPLIST_KEY_UIApplicationSupportsIndirectInputEvents = YES;
				INFOPLIST_KEY_UILaunchScreen_Generation = YES;
				INFOPLIST_KEY_UISupportedInterfaceOrientations_iPad = "UIInterfaceOrientationPortrait UIInterfaceOrientationPortraitUpsideDown UIInterfaceOrientationLandscapeLeft UIInterfaceOrientationLandscapeRight";
				INFOPLIST_KEY_UISupportedInterfaceOrientations_iPhone = "UIInterfaceOrientationPortrait UIInterfaceOrientationLandscapeLeft UIInterfaceOrientationLandscapeRight";
				LD_RUNPATH_SEARCH_PATHS = (
					"$(inherited)",
					"@executable_path/Frameworks",
				);
				MARKETING_VERSION = 1.0;
				PRODUCT_BUNDLE_IDENTIFIER = com.steijnviggo.RainRadar;
				PRODUCT_NAME = "$(TARGET_NAME)";
				PROVISIONING_PROFILE_SPECIFIER = "";
				SWIFT_EMIT_LOC_STRINGS = YES;
				SWIFT_VERSION = 5.0;
				TARGETED_DEVICE_FAMILY = "1,2";
			};
			name = Debug;
		};
		EE3D94C329EFD68100DB3F3A /* Release */ = {
			isa = XCBuildConfiguration;
			buildSettings = {
				ASSETCATALOG_COMPILER_APPICON_NAME = AppIcon;
				ASSETCATALOG_COMPILER_GLOBAL_ACCENT_COLOR_NAME = AccentColor;
				CODE_SIGN_ENTITLEMENTS = RainRadar/RainRadar.entitlements;
				CODE_SIGN_IDENTITY = "Apple Development";
				CODE_SIGN_STYLE = Automatic;
				CURRENT_PROJECT_VERSION = 1;
				DEVELOPMENT_ASSET_PATHS = "\"RainRadar/Preview Content\"";
				DEVELOPMENT_TEAM = R9XJ622U85;
				ENABLE_PREVIEWS = YES;
				GENERATE_INFOPLIST_FILE = YES;
				INFOPLIST_KEY_NSAppleMusicUsageDescription = "Please allow acces to continue";
				INFOPLIST_KEY_NSLocationWhenInUseUsageDescription = "App needs to acces your location data to tell you the weather at your location";
				INFOPLIST_KEY_UIApplicationSceneManifest_Generation = YES;
				INFOPLIST_KEY_UIApplicationSupportsIndirectInputEvents = YES;
				INFOPLIST_KEY_UILaunchScreen_Generation = YES;
				INFOPLIST_KEY_UISupportedInterfaceOrientations_iPad = "UIInterfaceOrientationPortrait UIInterfaceOrientationPortraitUpsideDown UIInterfaceOrientationLandscapeLeft UIInterfaceOrientationLandscapeRight";
				INFOPLIST_KEY_UISupportedInterfaceOrientations_iPhone = "UIInterfaceOrientationPortrait UIInterfaceOrientationLandscapeLeft UIInterfaceOrientationLandscapeRight";
				LD_RUNPATH_SEARCH_PATHS = (
					"$(inherited)",
					"@executable_path/Frameworks",
				);
				MARKETING_VERSION = 1.0;
				PRODUCT_BUNDLE_IDENTIFIER = com.steijnviggo.RainRadar;
				PRODUCT_NAME = "$(TARGET_NAME)";
				PROVISIONING_PROFILE_SPECIFIER = "";
				SWIFT_EMIT_LOC_STRINGS = YES;
				SWIFT_VERSION = 5.0;
				TARGETED_DEVICE_FAMILY = "1,2";
			};
			name = Release;
		};
		EE3D94C529EFD68100DB3F3A /* Debug */ = {
			isa = XCBuildConfiguration;
			buildSettings = {
				ALWAYS_EMBED_SWIFT_STANDARD_LIBRARIES = YES;
				BUNDLE_LOADER = "$(TEST_HOST)";
				CODE_SIGN_STYLE = Automatic;
				CURRENT_PROJECT_VERSION = 1;
				GENERATE_INFOPLIST_FILE = YES;
				IPHONEOS_DEPLOYMENT_TARGET = 16.4;
				MARKETING_VERSION = 1.0;
				PRODUCT_BUNDLE_IDENTIFIER = com.steijnviggo.RainRadarTests;
				PRODUCT_NAME = "$(TARGET_NAME)";
				SWIFT_EMIT_LOC_STRINGS = NO;
				SWIFT_VERSION = 5.0;
				TARGETED_DEVICE_FAMILY = "1,2";
				TEST_HOST = "$(BUILT_PRODUCTS_DIR)/RainRadar.app/$(BUNDLE_EXECUTABLE_FOLDER_PATH)/RainRadar";
			};
			name = Debug;
		};
		EE3D94C629EFD68100DB3F3A /* Release */ = {
			isa = XCBuildConfiguration;
			buildSettings = {
				ALWAYS_EMBED_SWIFT_STANDARD_LIBRARIES = YES;
				BUNDLE_LOADER = "$(TEST_HOST)";
				CODE_SIGN_STYLE = Automatic;
				CURRENT_PROJECT_VERSION = 1;
				GENERATE_INFOPLIST_FILE = YES;
				IPHONEOS_DEPLOYMENT_TARGET = 16.4;
				MARKETING_VERSION = 1.0;
				PRODUCT_BUNDLE_IDENTIFIER = com.steijnviggo.RainRadarTests;
				PRODUCT_NAME = "$(TARGET_NAME)";
				SWIFT_EMIT_LOC_STRINGS = NO;
				SWIFT_VERSION = 5.0;
				TARGETED_DEVICE_FAMILY = "1,2";
				TEST_HOST = "$(BUILT_PRODUCTS_DIR)/RainRadar.app/$(BUNDLE_EXECUTABLE_FOLDER_PATH)/RainRadar";
			};
			name = Release;
		};
		EE3D94C829EFD68100DB3F3A /* Debug */ = {
			isa = XCBuildConfiguration;
			buildSettings = {
				ALWAYS_EMBED_SWIFT_STANDARD_LIBRARIES = YES;
				CODE_SIGN_STYLE = Automatic;
				CURRENT_PROJECT_VERSION = 1;
				GENERATE_INFOPLIST_FILE = YES;
				MARKETING_VERSION = 1.0;
				PRODUCT_BUNDLE_IDENTIFIER = com.steijnviggo.RainRadarUITests;
				PRODUCT_NAME = "$(TARGET_NAME)";
				SWIFT_EMIT_LOC_STRINGS = NO;
				SWIFT_VERSION = 5.0;
				TARGETED_DEVICE_FAMILY = "1,2";
				TEST_TARGET_NAME = RainRadar;
			};
			name = Debug;
		};
		EE3D94C929EFD68100DB3F3A /* Release */ = {
			isa = XCBuildConfiguration;
			buildSettings = {
				ALWAYS_EMBED_SWIFT_STANDARD_LIBRARIES = YES;
				CODE_SIGN_STYLE = Automatic;
				CURRENT_PROJECT_VERSION = 1;
				GENERATE_INFOPLIST_FILE = YES;
				MARKETING_VERSION = 1.0;
				PRODUCT_BUNDLE_IDENTIFIER = com.steijnviggo.RainRadarUITests;
				PRODUCT_NAME = "$(TARGET_NAME)";
				SWIFT_EMIT_LOC_STRINGS = NO;
				SWIFT_VERSION = 5.0;
				TARGETED_DEVICE_FAMILY = "1,2";
				TEST_TARGET_NAME = RainRadar;
			};
			name = Release;
		};
/* End XCBuildConfiguration section */

/* Begin XCConfigurationList section */
		EE3D949829EFD68000DB3F3A /* Build configuration list for PBXProject "RainRadar" */ = {
			isa = XCConfigurationList;
			buildConfigurations = (
				EE3D94BF29EFD68100DB3F3A /* Debug */,
				EE3D94C029EFD68100DB3F3A /* Release */,
			);
			defaultConfigurationIsVisible = 0;
			defaultConfigurationName = Release;
		};
		EE3D94C129EFD68100DB3F3A /* Build configuration list for PBXNativeTarget "RainRadar" */ = {
			isa = XCConfigurationList;
			buildConfigurations = (
				EE3D94C229EFD68100DB3F3A /* Debug */,
				EE3D94C329EFD68100DB3F3A /* Release */,
			);
			defaultConfigurationIsVisible = 0;
			defaultConfigurationName = Release;
		};
		EE3D94C429EFD68100DB3F3A /* Build configuration list for PBXNativeTarget "RainRadarTests" */ = {
			isa = XCConfigurationList;
			buildConfigurations = (
				EE3D94C529EFD68100DB3F3A /* Debug */,
				EE3D94C629EFD68100DB3F3A /* Release */,
			);
			defaultConfigurationIsVisible = 0;
			defaultConfigurationName = Release;
		};
		EE3D94C729EFD68100DB3F3A /* Build configuration list for PBXNativeTarget "RainRadarUITests" */ = {
			isa = XCConfigurationList;
			buildConfigurations = (
				EE3D94C829EFD68100DB3F3A /* Debug */,
				EE3D94C929EFD68100DB3F3A /* Release */,
			);
			defaultConfigurationIsVisible = 0;
			defaultConfigurationName = Release;
		};
/* End XCConfigurationList section */
	};
	rootObject = EE3D949529EFD68000DB3F3A /* Project object */;
}
